
Microsoft Visual Studio Solution File, Format Version 12.00
# Visual Studio 14
VisualStudioVersion = 14.0.25420.1
MinimumVisualStudioVersion = 10.0.40219.1
Project("{F184B08F-C81C-45F6-A57F-5ABD9991F28F}") = "CES", "EntidadesSistema\CES.vbproj", "{BB8B2A48-58DC-4913-99B6-7232048740E2}"
EndProject
Project("{F184B08F-C81C-45F6-A57F-5ABD9991F28F}") = "CRN", "ReglaNegocios\CRN.vbproj", "{ECE95546-F782-4722-B10B-4002B7641540}"
EndProject
Project("{F184B08F-C81C-45F6-A57F-5ABD9991F28F}") = "CAD", "AccesoDatos\CAD.vbproj", "{262A2636-109B-4664-B90E-35C81653CC75}"
EndProject
Project("{F184B08F-C81C-45F6-A57F-5ABD9991F28F}") = "Directory", "Directory\Directory.vbproj", "{68268E6E-60FD-41F8-B6DC-52BEC004E806}"
EndProject
Global
	GlobalSection(SolutionConfigurationPlatforms) = preSolution
		Debug|Any CPU = Debug|Any CPU
		Release|Any CPU = Release|Any CPU
	EndGlobalSection
	GlobalSection(ProjectConfigurationPlatforms) = postSolution
		{BB8B2A48-58DC-4913-99B6-7232048740E2}.Debug|Any CPU.ActiveCfg = Debug|Any CPU
		{BB8B2A48-58DC-4913-99B6-7232048740E2}.Debug|Any CPU.Build.0 = Debug|Any CPU
		{BB8B2A48-58DC-4913-99B6-7232048740E2}.Release|Any CPU.ActiveCfg = Release|Any CPU
		{BB8B2A48-58DC-4913-99B6-7232048740E2}.Release|Any CPU.Build.0 = Release|Any CPU
		{ECE95546-F782-4722-B10B-4002B7641540}.Debug|Any CPU.ActiveCfg = Debug|Any CPU
		{ECE95546-F782-4722-B10B-4002B7641540}.Debug|Any CPU.Build.0 = Debug|Any CPU
		{ECE95546-F782-4722-B10B-4002B7641540}.Release|Any CPU.ActiveCfg = Release|Any CPU
		{ECE95546-F782-4722-B10B-4002B7641540}.Release|Any CPU.Build.0 = Release|Any CPU
		{262A2636-109B-4664-B90E-35C81653CC75}.Debug|Any CPU.ActiveCfg = Debug|Any CPU
		{262A2636-109B-4664-B90E-35C81653CC75}.Debug|Any CPU.Build.0 = Debug|Any CPU
		{262A2636-109B-4664-B90E-35C81653CC75}.Release|Any CPU.ActiveCfg = Release|Any CPU
		{262A2636-109B-4664-B90E-35C81653CC75}.Release|Any CPU.Build.0 = Release|Any CPU
		{68268E6E-60FD-41F8-B6DC-52BEC004E806}.Debug|Any CPU.ActiveCfg = Debug|Any CPU
		{68268E6E-60FD-41F8-B6DC-52BEC004E806}.Debug|Any CPU.Build.0 = Debug|Any CPU
		{68268E6E-60FD-41F8-B6DC-52BEC004E806}.Release|Any CPU.ActiveCfg = Release|Any CPU
		{68268E6E-60FD-41F8-B6DC-52BEC004E806}.Release|Any CPU.Build.0 = Release|Any CPU
	EndGlobalSection
	GlobalSection(SolutionProperties) = preSolution
		HideSolutionNode = FALSE
	EndGlobalSection
EndGlobal
